// !$*UTF8*$!
{
	archiveVersion = 1;
	classes = {
	};
	objectVersion = 50;
	objects = {

/* Begin PBXBuildFile section */
		FF105EE922728E0D006FD778 /* AppDelegate.swift in Sources */ = {isa = PBXBuildFile; fileRef = FF105EE822728E0D006FD778 /* AppDelegate.swift */; };
		FF105EEB22728E0D006FD778 /* RoastViewController.swift in Sources */ = {isa = PBXBuildFile; fileRef = FF105EEA22728E0D006FD778 /* RoastViewController.swift */; };
		FF105EED22728E0D006FD778 /* SettingsViewController.swift in Sources */ = {isa = PBXBuildFile; fileRef = FF105EEC22728E0D006FD778 /* SettingsViewController.swift */; };
		FF105EF022728E0D006FD778 /* Main.storyboard in Resources */ = {isa = PBXBuildFile; fileRef = FF105EEE22728E0D006FD778 /* Main.storyboard */; };
		FF105EF222728E0E006FD778 /* Assets.xcassets in Resources */ = {isa = PBXBuildFile; fileRef = FF105EF122728E0E006FD778 /* Assets.xcassets */; };
		FF105EF522728E0E006FD778 /* LaunchScreen.storyboard in Resources */ = {isa = PBXBuildFile; fileRef = FF105EF322728E0E006FD778 /* LaunchScreen.storyboard */; };
		FF105F0022728E0E006FD778 /* coffee_spyTests.swift in Sources */ = {isa = PBXBuildFile; fileRef = FF105EFF22728E0E006FD778 /* coffee_spyTests.swift */; };
		FF74163522773F0500D52817 /* CoffeeSpy.xcdatamodeld in Sources */ = {isa = PBXBuildFile; fileRef = FF74163322773F0500D52817 /* CoffeeSpy.xcdatamodeld */; };
		FF74163822773F5C00D52817 /* BleManager.swift in Sources */ = {isa = PBXBuildFile; fileRef = FF74163722773F5C00D52817 /* BleManager.swift */; };
		FF74163A2278FAA000D52817 /* Roast.swift in Sources */ = {isa = PBXBuildFile; fileRef = FF7416392278FAA000D52817 /* Roast.swift */; };
		FF74163C227901C900D52817 /* Cartfile in Resources */ = {isa = PBXBuildFile; fileRef = FF74163B227901C900D52817 /* Cartfile */; };
		FF74163F2279046000D52817 /* Charts.framework in Frameworks */ = {isa = PBXBuildFile; fileRef = FF74163E2279046000D52817 /* Charts.framework */; };
/* End PBXBuildFile section */

/* Begin PBXContainerItemProxy section */
		FF105EFC22728E0E006FD778 /* PBXContainerItemProxy */ = {
			isa = PBXContainerItemProxy;
			containerPortal = FF105EDD22728E0D006FD778 /* Project object */;
			proxyType = 1;
			remoteGlobalIDString = FF105EE422728E0D006FD778;
			remoteInfo = "coffee-spy";
		};
/* End PBXContainerItemProxy section */

/* Begin PBXFileReference section */
		FF105EE522728E0D006FD778 /* coffee-spy.app */ = {isa = PBXFileReference; explicitFileType = wrapper.application; includeInIndex = 0; path = "coffee-spy.app"; sourceTree = BUILT_PRODUCTS_DIR; };
		FF105EE822728E0D006FD778 /* AppDelegate.swift */ = {isa = PBXFileReference; lastKnownFileType = sourcecode.swift; path = AppDelegate.swift; sourceTree = "<group>"; };
		FF105EEA22728E0D006FD778 /* RoastViewController.swift */ = {isa = PBXFileReference; lastKnownFileType = sourcecode.swift; path = RoastViewController.swift; sourceTree = "<group>"; };
		FF105EEC22728E0D006FD778 /* SettingsViewController.swift */ = {isa = PBXFileReference; lastKnownFileType = sourcecode.swift; path = SettingsViewController.swift; sourceTree = "<group>"; };
		FF105EEF22728E0D006FD778 /* Base */ = {isa = PBXFileReference; lastKnownFileType = file.storyboard; name = Base; path = Base.lproj/Main.storyboard; sourceTree = "<group>"; };
		FF105EF122728E0E006FD778 /* Assets.xcassets */ = {isa = PBXFileReference; lastKnownFileType = folder.assetcatalog; path = Assets.xcassets; sourceTree = "<group>"; };
		FF105EF422728E0E006FD778 /* Base */ = {isa = PBXFileReference; lastKnownFileType = file.storyboard; name = Base; path = Base.lproj/LaunchScreen.storyboard; sourceTree = "<group>"; };
		FF105EF622728E0E006FD778 /* Info.plist */ = {isa = PBXFileReference; lastKnownFileType = text.plist.xml; path = Info.plist; sourceTree = "<group>"; };
		FF105EFB22728E0E006FD778 /* coffee-spyTests.xctest */ = {isa = PBXFileReference; explicitFileType = wrapper.cfbundle; includeInIndex = 0; path = "coffee-spyTests.xctest"; sourceTree = BUILT_PRODUCTS_DIR; };
		FF105EFF22728E0E006FD778 /* coffee_spyTests.swift */ = {isa = PBXFileReference; lastKnownFileType = sourcecode.swift; path = coffee_spyTests.swift; sourceTree = "<group>"; };
		FF105F0122728E0E006FD778 /* Info.plist */ = {isa = PBXFileReference; lastKnownFileType = text.plist.xml; path = Info.plist; sourceTree = "<group>"; };
		FF74163422773F0500D52817 /* CoffeeSpy.xcdatamodel */ = {isa = PBXFileReference; lastKnownFileType = wrapper.xcdatamodel; path = CoffeeSpy.xcdatamodel; sourceTree = "<group>"; };
		FF74163722773F5C00D52817 /* BleManager.swift */ = {isa = PBXFileReference; lastKnownFileType = sourcecode.swift; path = BleManager.swift; sourceTree = "<group>"; };
		FF7416392278FAA000D52817 /* Roast.swift */ = {isa = PBXFileReference; lastKnownFileType = sourcecode.swift; path = Roast.swift; sourceTree = "<group>"; };
		FF74163B227901C900D52817 /* Cartfile */ = {isa = PBXFileReference; fileEncoding = 4; lastKnownFileType = text; path = Cartfile; sourceTree = "<group>"; };
		FF74163E2279046000D52817 /* Charts.framework */ = {isa = PBXFileReference; lastKnownFileType = wrapper.framework; name = Charts.framework; path = Carthage/Build/iOS/Charts.framework; sourceTree = "<group>"; };
/* End PBXFileReference section */

/* Begin PBXFrameworksBuildPhase section */
		FF105EE222728E0D006FD778 /* Frameworks */ = {
			isa = PBXFrameworksBuildPhase;
			buildActionMask = 2147483647;
			files = (
				FF74163F2279046000D52817 /* Charts.framework in Frameworks */,
			);
			runOnlyForDeploymentPostprocessing = 0;
		};
		FF105EF822728E0E006FD778 /* Frameworks */ = {
			isa = PBXFrameworksBuildPhase;
			buildActionMask = 2147483647;
			files = (
			);
			runOnlyForDeploymentPostprocessing = 0;
		};
/* End PBXFrameworksBuildPhase section */

/* Begin PBXGroup section */
		FF105EDC22728E0D006FD778 = {
			isa = PBXGroup;
			children = (
				FF74163B227901C900D52817 /* Cartfile */,
				FF105EE722728E0D006FD778 /* coffee-spy */,
				FF105EFE22728E0E006FD778 /* coffee-spyTests */,
				FF105EE622728E0D006FD778 /* Products */,
				FF74163D2279046000D52817 /* Frameworks */,
			);
			sourceTree = "<group>";
		};
		FF105EE622728E0D006FD778 /* Products */ = {
			isa = PBXGroup;
			children = (
				FF105EE522728E0D006FD778 /* coffee-spy.app */,
				FF105EFB22728E0E006FD778 /* coffee-spyTests.xctest */,
			);
			name = Products;
			sourceTree = "<group>";
		};
		FF105EE722728E0D006FD778 /* coffee-spy */ = {
			isa = PBXGroup;
			children = (
				FF105EE822728E0D006FD778 /* AppDelegate.swift */,
				FF7416392278FAA000D52817 /* Roast.swift */,
				FF74163722773F5C00D52817 /* BleManager.swift */,
				FF105EEA22728E0D006FD778 /* RoastViewController.swift */,
				FF105EEC22728E0D006FD778 /* SettingsViewController.swift */,
				FF74163622773F0A00D52817 /* CoreData */,
				FF105EEE22728E0D006FD778 /* Main.storyboard */,
				FF105EF122728E0E006FD778 /* Assets.xcassets */,
				FF105EF322728E0E006FD778 /* LaunchScreen.storyboard */,
				FF105EF622728E0E006FD778 /* Info.plist */,
			);
			path = "coffee-spy";
			sourceTree = "<group>";
		};
		FF105EFE22728E0E006FD778 /* coffee-spyTests */ = {
			isa = PBXGroup;
			children = (
				FF105EFF22728E0E006FD778 /* coffee_spyTests.swift */,
				FF105F0122728E0E006FD778 /* Info.plist */,
			);
			path = "coffee-spyTests";
			sourceTree = "<group>";
		};
		FF74163622773F0A00D52817 /* CoreData */ = {
			isa = PBXGroup;
			children = (
				FF74163322773F0500D52817 /* CoffeeSpy.xcdatamodeld */,
			);
			path = CoreData;
			sourceTree = "<group>";
		};
		FF74163D2279046000D52817 /* Frameworks */ = {
			isa = PBXGroup;
			children = (
				FF74163E2279046000D52817 /* Charts.framework */,
			);
			name = Frameworks;
			sourceTree = "<group>";
		};
/* End PBXGroup section */

/* Begin PBXNativeTarget section */
		FF105EE422728E0D006FD778 /* coffee-spy */ = {
			isa = PBXNativeTarget;
			buildConfigurationList = FF105F0422728E0E006FD778 /* Build configuration list for PBXNativeTarget "coffee-spy" */;
			buildPhases = (
				FF105EE122728E0D006FD778 /* Sources */,
				FF105EE222728E0D006FD778 /* Frameworks */,
				FF105EE322728E0D006FD778 /* Resources */,
			);
			buildRules = (
			);
			dependencies = (
			);
			name = "coffee-spy";
			productName = "coffee-spy";
			productReference = FF105EE522728E0D006FD778 /* coffee-spy.app */;
			productType = "com.apple.product-type.application";
		};
		FF105EFA22728E0E006FD778 /* coffee-spyTests */ = {
			isa = PBXNativeTarget;
			buildConfigurationList = FF105F0722728E0E006FD778 /* Build configuration list for PBXNativeTarget "coffee-spyTests" */;
			buildPhases = (
				FF105EF722728E0E006FD778 /* Sources */,
				FF105EF822728E0E006FD778 /* Frameworks */,
				FF105EF922728E0E006FD778 /* Resources */,
			);
			buildRules = (
			);
			dependencies = (
				FF105EFD22728E0E006FD778 /* PBXTargetDependency */,
			);
			name = "coffee-spyTests";
			productName = "coffee-spyTests";
			productReference = FF105EFB22728E0E006FD778 /* coffee-spyTests.xctest */;
			productType = "com.apple.product-type.bundle.unit-test";
		};
/* End PBXNativeTarget section */

/* Begin PBXProject section */
		FF105EDD22728E0D006FD778 /* Project object */ = {
			isa = PBXProject;
			attributes = {
				LastSwiftUpdateCheck = 1020;
				LastUpgradeCheck = 1020;
				ORGANIZATIONNAME = KK;
				TargetAttributes = {
					FF105EE422728E0D006FD778 = {
						CreatedOnToolsVersion = 10.2.1;
					};
					FF105EFA22728E0E006FD778 = {
						CreatedOnToolsVersion = 10.2.1;
						TestTargetID = FF105EE422728E0D006FD778;
					};
				};
			};
			buildConfigurationList = FF105EE022728E0D006FD778 /* Build configuration list for PBXProject "coffee-spy" */;
			compatibilityVersion = "Xcode 9.3";
			developmentRegion = en;
			hasScannedForEncodings = 0;
			knownRegions = (
				en,
				Base,
			);
			mainGroup = FF105EDC22728E0D006FD778;
			productRefGroup = FF105EE622728E0D006FD778 /* Products */;
			projectDirPath = "";
			projectRoot = "";
			targets = (
				FF105EE422728E0D006FD778 /* coffee-spy */,
				FF105EFA22728E0E006FD778 /* coffee-spyTests */,
			);
		};
/* End PBXProject section */

/* Begin PBXResourcesBuildPhase section */
		FF105EE322728E0D006FD778 /* Resources */ = {
			isa = PBXResourcesBuildPhase;
			buildActionMask = 2147483647;
			files = (
				FF105EF522728E0E006FD778 /* LaunchScreen.storyboard in Resources */,
				FF105EF222728E0E006FD778 /* Assets.xcassets in Resources */,
				FF74163C227901C900D52817 /* Cartfile in Resources */,
				FF105EF022728E0D006FD778 /* Main.storyboard in Resources */,
			);
			runOnlyForDeploymentPostprocessing = 0;
		};
		FF105EF922728E0E006FD778 /* Resources */ = {
			isa = PBXResourcesBuildPhase;
			buildActionMask = 2147483647;
			files = (
			);
			runOnlyForDeploymentPostprocessing = 0;
		};
/* End PBXResourcesBuildPhase section */

/* Begin PBXSourcesBuildPhase section */
		FF105EE122728E0D006FD778 /* Sources */ = {
			isa = PBXSourcesBuildPhase;
			buildActionMask = 2147483647;
			files = (
				FF105EED22728E0D006FD778 /* SettingsViewController.swift in Sources */,
				FF105EE922728E0D006FD778 /* AppDelegate.swift in Sources */,
				FF74163822773F5C00D52817 /* BleManager.swift in Sources */,
				FF74163A2278FAA000D52817 /* Roast.swift in Sources */,
				FF74163522773F0500D52817 /* CoffeeSpy.xcdatamodeld in Sources */,
				FF105EEB22728E0D006FD778 /* RoastViewController.swift in Sources */,
			);
			runOnlyForDeploymentPostprocessing = 0;
		};
		FF105EF722728E0E006FD778 /* Sources */ = {
			isa = PBXSourcesBuildPhase;
			buildActionMask = 2147483647;
			files = (
				FF105F0022728E0E006FD778 /* coffee_spyTests.swift in Sources */,
			);
			runOnlyForDeploymentPostprocessing = 0;
		};
/* End PBXSourcesBuildPhase section */

/* Begin PBXTargetDependency section */
		FF105EFD22728E0E006FD778 /* PBXTargetDependency */ = {
			isa = PBXTargetDependency;
			target = FF105EE422728E0D006FD778 /* coffee-spy */;
			targetProxy = FF105EFC22728E0E006FD778 /* PBXContainerItemProxy */;
		};
/* End PBXTargetDependency section */

/* Begin PBXVariantGroup section */
		FF105EEE22728E0D006FD778 /* Main.storyboard */ = {
			isa = PBXVariantGroup;
			children = (
				FF105EEF22728E0D006FD778 /* Base */,
			);
			name = Main.storyboard;
			sourceTree = "<group>";
		};
		FF105EF322728E0E006FD778 /* LaunchScreen.storyboard */ = {
			isa = PBXVariantGroup;
			children = (
				FF105EF422728E0E006FD778 /* Base */,
			);
			name = LaunchScreen.storyboard;
			sourceTree = "<group>";
		};
/* End PBXVariantGroup section */

/* Begin XCBuildConfiguration section */
		FF105F0222728E0E006FD778 /* Debug */ = {
			isa = XCBuildConfiguration;
			buildSettings = {
				ALWAYS_SEARCH_USER_PATHS = NO;
				CLANG_ANALYZER_NONNULL = YES;
				CLANG_ANALYZER_NUMBER_OBJECT_CONVERSION = YES_AGGRESSIVE;
				CLANG_CXX_LANGUAGE_STANDARD = "gnu++14";
				CLANG_CXX_LIBRARY = "libc++";
				CLANG_ENABLE_MODULES = YES;
				CLANG_ENABLE_OBJC_ARC = YES;
				CLANG_ENABLE_OBJC_WEAK = YES;
				CLANG_WARN_BLOCK_CAPTURE_AUTORELEASING = YES;
				CLANG_WARN_BOOL_CONVERSION = YES;
				CLANG_WARN_COMMA = YES;
				CLANG_WARN_CONSTANT_CONVERSION = YES;
				CLANG_WARN_DEPRECATED_OBJC_IMPLEMENTATIONS = YES;
				CLANG_WARN_DIRECT_OBJC_ISA_USAGE = YES_ERROR;
				CLANG_WARN_DOCUMENTATION_COMMENTS = YES;
				CLANG_WARN_EMPTY_BODY = YES;
				CLANG_WARN_ENUM_CONVERSION = YES;
				CLANG_WARN_INFINITE_RECURSION = YES;
				CLANG_WARN_INT_CONVERSION = YES;
				CLANG_WARN_NON_LITERAL_NULL_CONVERSION = YES;
				CLANG_WARN_OBJC_IMPLICIT_RETAIN_SELF = YES;
				CLANG_WARN_OBJC_LITERAL_CONVERSION = YES;
				CLANG_WARN_OBJC_ROOT_CLASS = YES_ERROR;
				CLANG_WARN_RANGE_LOOP_ANALYSIS = YES;
				CLANG_WARN_STRICT_PROTOTYPES = YES;
				CLANG_WARN_SUSPICIOUS_MOVE = YES;
				CLANG_WARN_UNGUARDED_AVAILABILITY = YES_AGGRESSIVE;
				CLANG_WARN_UNREACHABLE_CODE = YES;
				CLANG_WARN__DUPLICATE_METHOD_MATCH = YES;
				CODE_SIGN_IDENTITY = "iPhone Developer";
				COPY_PHASE_STRIP = NO;
				DEBUG_INFORMATION_FORMAT = dwarf;
				ENABLE_STRICT_OBJC_MSGSEND = YES;
				ENABLE_TESTABILITY = YES;
				GCC_C_LANGUAGE_STANDARD = gnu11;
				GCC_DYNAMIC_NO_PIC = NO;
				GCC_NO_COMMON_BLOCKS = YES;
				GCC_OPTIMIZATION_LEVEL = 0;
				GCC_PREPROCESSOR_DEFINITIONS = (
					"DEBUG=1",
					"$(inherited)",
				);
				GCC_WARN_64_TO_32_BIT_CONVERSION = YES;
				GCC_WARN_ABOUT_RETURN_TYPE = YES_ERROR;
				GCC_WARN_UNDECLARED_SELECTOR = YES;
				GCC_WARN_UNINITIALIZED_AUTOS = YES_AGGRESSIVE;
				GCC_WARN_UNUSED_FUNCTION = YES;
				GCC_WARN_UNUSED_VARIABLE = YES;
				IPHONEOS_DEPLOYMENT_TARGET = 12.2;
				MTL_ENABLE_DEBUG_INFO = INCLUDE_SOURCE;
				MTL_FAST_MATH = YES;
				ONLY_ACTIVE_ARCH = YES;
				SDKROOT = iphoneos;
				SWIFT_ACTIVE_COMPILATION_CONDITIONS = DEBUG;
				SWIFT_OPTIMIZATION_LEVEL = "-Onone";
			};
			name = Debug;
		};
		FF105F0322728E0E006FD778 /* Release */ = {
			isa = XCBuildConfiguration;
			buildSettings = {
				ALWAYS_SEARCH_USER_PATHS = NO;
				CLANG_ANALYZER_NONNULL = YES;
				CLANG_ANALYZER_NUMBER_OBJECT_CONVERSION = YES_AGGRESSIVE;
				CLANG_CXX_LANGUAGE_STANDARD = "gnu++14";
				CLANG_CXX_LIBRARY = "libc++";
				CLANG_ENABLE_MODULES = YES;
				CLANG_ENABLE_OBJC_ARC = YES;
				CLANG_ENABLE_OBJC_WEAK = YES;
				CLANG_WARN_BLOCK_CAPTURE_AUTORELEASING = YES;
				CLANG_WARN_BOOL_CONVERSION = YES;
				CLANG_WARN_COMMA = YES;
				CLANG_WARN_CONSTANT_CONVERSION = YES;
				CLANG_WARN_DEPRECATED_OBJC_IMPLEMENTATIONS = YES;
				CLANG_WARN_DIRECT_OBJC_ISA_USAGE = YES_ERROR;
				CLANG_WARN_DOCUMENTATION_COMMENTS = YES;
				CLANG_WARN_EMPTY_BODY = YES;
				CLANG_WARN_ENUM_CONVERSION = YES;
				CLANG_WARN_INFINITE_RECURSION = YES;
				CLANG_WARN_INT_CONVERSION = YES;
				CLANG_WARN_NON_LITERAL_NULL_CONVERSION = YES;
				CLANG_WARN_OBJC_IMPLICIT_RETAIN_SELF = YES;
				CLANG_WARN_OBJC_LITERAL_CONVERSION = YES;
				CLANG_WARN_OBJC_ROOT_CLASS = YES_ERROR;
				CLANG_WARN_RANGE_LOOP_ANALYSIS = YES;
				CLANG_WARN_STRICT_PROTOTYPES = YES;
				CLANG_WARN_SUSPICIOUS_MOVE = YES;
				CLANG_WARN_UNGUARDED_AVAILABILITY = YES_AGGRESSIVE;
				CLANG_WARN_UNREACHABLE_CODE = YES;
				CLANG_WARN__DUPLICATE_METHOD_MATCH = YES;
				CODE_SIGN_IDENTITY = "iPhone Developer";
				COPY_PHASE_STRIP = NO;
				DEBUG_INFORMATION_FORMAT = "dwarf-with-dsym";
				ENABLE_NS_ASSERTIONS = NO;
				ENABLE_STRICT_OBJC_MSGSEND = YES;
				GCC_C_LANGUAGE_STANDARD = gnu11;
				GCC_NO_COMMON_BLOCKS = YES;
				GCC_WARN_64_TO_32_BIT_CONVERSION = YES;
				GCC_WARN_ABOUT_RETURN_TYPE = YES_ERROR;
				GCC_WARN_UNDECLARED_SELECTOR = YES;
				GCC_WARN_UNINITIALIZED_AUTOS = YES_AGGRESSIVE;
				GCC_WARN_UNUSED_FUNCTION = YES;
				GCC_WARN_UNUSED_VARIABLE = YES;
				IPHONEOS_DEPLOYMENT_TARGET = 12.2;
				MTL_ENABLE_DEBUG_INFO = NO;
				MTL_FAST_MATH = YES;
				SDKROOT = iphoneos;
				SWIFT_COMPILATION_MODE = wholemodule;
				SWIFT_OPTIMIZATION_LEVEL = "-O";
				VALIDATE_PRODUCT = YES;
			};
			name = Release;
		};
		FF105F0522728E0E006FD778 /* Debug */ = {
			isa = XCBuildConfiguration;
			buildSettings = {
				ASSETCATALOG_COMPILER_APPICON_NAME = AppIcon;
				CODE_SIGN_STYLE = Automatic;
				DEVELOPMENT_TEAM = LG2FJE6R72;
				FRAMEWORK_SEARCH_PATHS = (
					"$(inherited)",
					"$(PROJECT_DIR)/Carthage/Build/iOS",
				);
				INFOPLIST_FILE = "coffee-spy/Info.plist";
				LD_RUNPATH_SEARCH_PATHS = (
					"$(inherited)",
					"@executable_path/Frameworks",
				);
				PRODUCT_BUNDLE_IDENTIFIER = "com.kk.coffee-spy";
				PRODUCT_NAME = "$(TARGET_NAME)";
				SWIFT_VERSION = 5.0;
				TARGETED_DEVICE_FAMILY = "1,2";
			};
			name = Debug;
		};
		FF105F0622728E0E006FD778 /* Release */ = {
			isa = XCBuildConfiguration;
			buildSettings = {
				ASSETCATALOG_COMPILER_APPICON_NAME = AppIcon;
				CODE_SIGN_STYLE = Automatic;
				DEVELOPMENT_TEAM = LG2FJE6R72;
				FRAMEWORK_SEARCH_PATHS = (
					"$(inherited)",
					"$(PROJECT_DIR)/Carthage/Build/iOS",
				);
				INFOPLIST_FILE = "coffee-spy/Info.plist";
				LD_RUNPATH_SEARCH_PATHS = (
					"$(inherited)",
					"@executable_path/Frameworks",
				);
				PRODUCT_BUNDLE_IDENTIFIER = "com.kk.coffee-spy";
				PRODUCT_NAME = "$(TARGET_NAME)";
				SWIFT_VERSION = 5.0;
				TARGETED_DEVICE_FAMILY = "1,2";
			};
			name = Release;
		};
		FF105F0822728E0E006FD778 /* Debug */ = {
			isa = XCBuildConfiguration;
			buildSettings = {
				ALWAYS_EMBED_SWIFT_STANDARD_LIBRARIES = YES;
				BUNDLE_LOADER = "$(TEST_HOST)";
				CODE_SIGN_STYLE = Automatic;
				DEVELOPMENT_TEAM = LG2FJE6R72;
				INFOPLIST_FILE = "coffee-spyTests/Info.plist";
				LD_RUNPATH_SEARCH_PATHS = (
					"$(inherited)",
					"@executable_path/Frameworks",
					"@loader_path/Frameworks",
				);
				PRODUCT_BUNDLE_IDENTIFIER = "com.kk.coffee-spyTests";
				PRODUCT_NAME = "$(TARGET_NAME)";
				SWIFT_VERSION = 5.0;
				TARGETED_DEVICE_FAMILY = "1,2";
				TEST_HOST = "$(BUILT_PRODUCTS_DIR)/coffee-spy.app/coffee-spy";
			};
			name = Debug;
		};
		FF105F0922728E0E006FD778 /* Release */ = {
			isa = XCBuildConfiguration;
			buildSettings = {
				ALWAYS_EMBED_SWIFT_STANDARD_LIBRARIES = YES;
				BUNDLE_LOADER = "$(TEST_HOST)";
				CODE_SIGN_STYLE = Automatic;
				DEVELOPMENT_TEAM = LG2FJE6R72;
				INFOPLIST_FILE = "coffee-spyTests/Info.plist";
				LD_RUNPATH_SEARCH_PATHS = (
					"$(inherited)",
					"@executable_path/Frameworks",
					"@loader_path/Frameworks",
				);
				PRODUCT_BUNDLE_IDENTIFIER = "com.kk.coffee-spyTests";
				PRODUCT_NAME = "$(TARGET_NAME)";
				SWIFT_VERSION = 5.0;
				TARGETED_DEVICE_FAMILY = "1,2";
				TEST_HOST = "$(BUILT_PRODUCTS_DIR)/coffee-spy.app/coffee-spy";
			};
			name = Release;
		};
/* End XCBuildConfiguration section */

/* Begin XCConfigurationList section */
		FF105EE022728E0D006FD778 /* Build configuration list for PBXProject "coffee-spy" */ = {
			isa = XCConfigurationList;
			buildConfigurations = (
				FF105F0222728E0E006FD778 /* Debug */,
				FF105F0322728E0E006FD778 /* Release */,
			);
			defaultConfigurationIsVisible = 0;
			defaultConfigurationName = Release;
		};
		FF105F0422728E0E006FD778 /* Build configuration list for PBXNativeTarget "coffee-spy" */ = {
			isa = XCConfigurationList;
			buildConfigurations = (
				FF105F0522728E0E006FD778 /* Debug */,
				FF105F0622728E0E006FD778 /* Release */,
			);
			defaultConfigurationIsVisible = 0;
			defaultConfigurationName = Release;
		};
		FF105F0722728E0E006FD778 /* Build configuration list for PBXNativeTarget "coffee-spyTests" */ = {
			isa = XCConfigurationList;
			buildConfigurations = (
				FF105F0822728E0E006FD778 /* Debug */,
				FF105F0922728E0E006FD778 /* Release */,
			);
			defaultConfigurationIsVisible = 0;
			defaultConfigurationName = Release;
		};
/* End XCConfigurationList section */

/* Begin XCVersionGroup section */
		FF74163322773F0500D52817 /* CoffeeSpy.xcdatamodeld */ = {
			isa = XCVersionGroup;
			children = (
				FF74163422773F0500D52817 /* CoffeeSpy.xcdatamodel */,
			);
			currentVersion = FF74163422773F0500D52817 /* CoffeeSpy.xcdatamodel */;
			path = CoffeeSpy.xcdatamodeld;
			sourceTree = "<group>";
			versionGroupType = wrapper.xcdatamodel;
		};
/* End XCVersionGroup section */
	};
	rootObject = FF105EDD22728E0D006FD778 /* Project object */;
}
