{
  "object": {
    "pins": [
      {
        "package": "Charts",
        "repositoryURL": "https://github.com/danielgindi/Charts.git",
        "state": {
          "branch": null,
          "revision": "7ac4a05e83d279bac305a472af9128c2a0eca3d7",
          "version": "3.5.0"
        }
      },
      {
        "package": "Eureka",
        "repositoryURL": "https://github.com/xmartlabs/Eureka.git",
        "state": {
          "branch": "xcode12",
          "revision": "f5651e328e099393e51b63f1abe78153cbacf90f",
          "version": null
        }
      },
      {
        "package": "SwiftyBeaver",
        "repositoryURL": "https://github.com/SwiftyBeaver/SwiftyBeaver.git",
        "state": {
          "branch": null,
          "revision": "e0fb3a74cb993d7dcf1e56734cdc98ad6e6d8176",
          "version": "1.9.1"
        }
      }
    ]
  },
  "version": 1
}
